
Microsoft Visual Studio Solution File, Format Version 12.00
# Visual Studio Version 17
VisualStudioVersion = 17.0.31903.59
MinimumVisualStudioVersion = 10.0.40219.1
Project("{FAE04EC0-301F-11D3-BF4B-00C04F79EFBC}") = "notification.API", "notification.API\notification.API.csproj", "{3784FAAA-6F07-458B-8F40-3C1C92049856}"
EndProject
Project("{FAE04EC0-301F-11D3-BF4B-00C04F79EFBC}") = "notification.Application", "notification.Application\notification.Application.csproj", "{9269933B-8BE2-4C2F-A93A-3201F090E3C8}"
EndProject
Project("{FAE04EC0-301F-11D3-BF4B-00C04F79EFBC}") = "notification.Domain", "notification.Domain\notification.Domain.csproj", "{696FA471-778A-41A0-B5E4-BC5776A20306}"
EndProject
Project("{FAE04EC0-301F-11D3-BF4B-00C04F79EFBC}") = "notification.Infrastructure", "notification.Infrastructure\notification.Infrastructure.csproj", "{28EB8A6B-10BF-4376-8A6E-1C08DF8ECAAF}"
EndProject
Global
	GlobalSection(SolutionConfigurationPlatforms) = preSolution
		Debug|Any CPU = Debug|Any CPU
		Debug|x64 = Debug|x64
		Debug|x86 = Debug|x86
		Release|Any CPU = Release|Any CPU
		Release|x64 = Release|x64
		Release|x86 = Release|x86
	EndGlobalSection
	GlobalSection(ProjectConfigurationPlatforms) = postSolution
		{3784FAAA-6F07-458B-8F40-3C1C92049856}.Debug|Any CPU.ActiveCfg = Debug|Any CPU
		{3784FAAA-6F07-458B-8F40-3C1C92049856}.Debug|Any CPU.Build.0 = Debug|Any CPU
		{3784FAAA-6F07-458B-8F40-3C1C92049856}.Debug|x64.ActiveCfg = Debug|Any CPU
		{3784FAAA-6F07-458B-8F40-3C1C92049856}.Debug|x64.Build.0 = Debug|Any CPU
		{3784FAAA-6F07-458B-8F40-3C1C92049856}.Debug|x86.ActiveCfg = Debug|Any CPU
		{3784FAAA-6F07-458B-8F40-3C1C92049856}.Debug|x86.Build.0 = Debug|Any CPU
		{3784FAAA-6F07-458B-8F40-3C1C92049856}.Release|Any CPU.ActiveCfg = Release|Any CPU
		{3784FAAA-6F07-458B-8F40-3C1C92049856}.Release|Any CPU.Build.0 = Release|Any CPU
		{3784FAAA-6F07-458B-8F40-3C1C92049856}.Release|x64.ActiveCfg = Release|Any CPU
		{3784FAAA-6F07-458B-8F40-3C1C92049856}.Release|x64.Build.0 = Release|Any CPU
		{3784FAAA-6F07-458B-8F40-3C1C92049856}.Release|x86.ActiveCfg = Release|Any CPU
		{3784FAAA-6F07-458B-8F40-3C1C92049856}.Release|x86.Build.0 = Release|Any CPU
		{9269933B-8BE2-4C2F-A93A-3201F090E3C8}.Debug|Any CPU.ActiveCfg = Debug|Any CPU
		{9269933B-8BE2-4C2F-A93A-3201F090E3C8}.Debug|Any CPU.Build.0 = Debug|Any CPU
		{9269933B-8BE2-4C2F-A93A-3201F090E3C8}.Debug|x64.ActiveCfg = Debug|Any CPU
		{9269933B-8BE2-4C2F-A93A-3201F090E3C8}.Debug|x64.Build.0 = Debug|Any CPU
		{9269933B-8BE2-4C2F-A93A-3201F090E3C8}.Debug|x86.ActiveCfg = Debug|Any CPU
		{9269933B-8BE2-4C2F-A93A-3201F090E3C8}.Debug|x86.Build.0 = Debug|Any CPU
		{9269933B-8BE2-4C2F-A93A-3201F090E3C8}.Release|Any CPU.ActiveCfg = Release|Any CPU
		{9269933B-8BE2-4C2F-A93A-3201F090E3C8}.Release|Any CPU.Build.0 = Release|Any CPU
		{9269933B-8BE2-4C2F-A93A-3201F090E3C8}.Release|x64.ActiveCfg = Release|Any CPU
		{9269933B-8BE2-4C2F-A93A-3201F090E3C8}.Release|x64.Build.0 = Release|Any CPU
		{9269933B-8BE2-4C2F-A93A-3201F090E3C8}.Release|x86.ActiveCfg = Release|Any CPU
		{9269933B-8BE2-4C2F-A93A-3201F090E3C8}.Release|x86.Build.0 = Release|Any CPU
		{696FA471-778A-41A0-B5E4-BC5776A20306}.Debug|Any CPU.ActiveCfg = Debug|Any CPU
		{696FA471-778A-41A0-B5E4-BC5776A20306}.Debug|Any CPU.Build.0 = Debug|Any CPU
		{696FA471-778A-41A0-B5E4-BC5776A20306}.Debug|x64.ActiveCfg = Debug|Any CPU
		{696FA471-778A-41A0-B5E4-BC5776A20306}.Debug|x64.Build.0 = Debug|Any CPU
		{696FA471-778A-41A0-B5E4-BC5776A20306}.Debug|x86.ActiveCfg = Debug|Any CPU
		{696FA471-778A-41A0-B5E4-BC5776A20306}.Debug|x86.Build.0 = Debug|Any CPU
		{696FA471-778A-41A0-B5E4-BC5776A20306}.Release|Any CPU.ActiveCfg = Release|Any CPU
		{696FA471-778A-41A0-B5E4-BC5776A20306}.Release|Any CPU.Build.0 = Release|Any CPU
		{696FA471-778A-41A0-B5E4-BC5776A20306}.Release|x64.ActiveCfg = Release|Any CPU
		{696FA471-778A-41A0-B5E4-BC5776A20306}.Release|x64.Build.0 = Release|Any CPU
		{696FA471-778A-41A0-B5E4-BC5776A20306}.Release|x86.ActiveCfg = Release|Any CPU
		{696FA471-778A-41A0-B5E4-BC5776A20306}.Release|x86.Build.0 = Release|Any CPU
		{28EB8A6B-10BF-4376-8A6E-1C08DF8ECAAF}.Debug|Any CPU.ActiveCfg = Debug|Any CPU
		{28EB8A6B-10BF-4376-8A6E-1C08DF8ECAAF}.Debug|Any CPU.Build.0 = Debug|Any CPU
		{28EB8A6B-10BF-4376-8A6E-1C08DF8ECAAF}.Debug|x64.ActiveCfg = Debug|Any CPU
		{28EB8A6B-10BF-4376-8A6E-1C08DF8ECAAF}.Debug|x64.Build.0 = Debug|Any CPU
		{28EB8A6B-10BF-4376-8A6E-1C08DF8ECAAF}.Debug|x86.ActiveCfg = Debug|Any CPU
		{28EB8A6B-10BF-4376-8A6E-1C08DF8ECAAF}.Debug|x86.Build.0 = Debug|Any CPU
		{28EB8A6B-10BF-4376-8A6E-1C08DF8ECAAF}.Release|Any CPU.ActiveCfg = Release|Any CPU
		{28EB8A6B-10BF-4376-8A6E-1C08DF8ECAAF}.Release|Any CPU.Build.0 = Release|Any CPU
		{28EB8A6B-10BF-4376-8A6E-1C08DF8ECAAF}.Release|x64.ActiveCfg = Release|Any CPU
		{28EB8A6B-10BF-4376-8A6E-1C08DF8ECAAF}.Release|x64.Build.0 = Release|Any CPU
		{28EB8A6B-10BF-4376-8A6E-1C08DF8ECAAF}.Release|x86.ActiveCfg = Release|Any CPU
		{28EB8A6B-10BF-4376-8A6E-1C08DF8ECAAF}.Release|x86.Build.0 = Release|Any CPU
	EndGlobalSection
	GlobalSection(SolutionProperties) = preSolution
		HideSolutionNode = FALSE
	EndGlobalSection
EndGlobal
